// !$*UTF8*$!
{
	archiveVersion = 1;
	classes = {
	};
	objectVersion = 46;
	objects = {

/* Begin PBXBuildFile section */
		08F1D626A30CC449111BA169 /* Pods_PetFinderAPI.framework in Frameworks */ = {isa = PBXBuildFile; fileRef = 839B05B5C502F0D072369411 /* Pods_PetFinderAPI.framework */; };
		B50A93B31DC2DE6600F3C572 /* AnimalDataStore.swift in Sources */ = {isa = PBXBuildFile; fileRef = B50A93B21DC2DE6600F3C572 /* AnimalDataStore.swift */; };
		B5B37B371DCFB25300AC90A4 /* GoogleService-Info.plist in Resources */ = {isa = PBXBuildFile; fileRef = B5B37B361DCFB25300AC90A4 /* GoogleService-Info.plist */; };
		B5C0A32C1DC39043001FC5A7 /* SignInViewController.swift in Sources */ = {isa = PBXBuildFile; fileRef = B5C0A32B1DC39043001FC5A7 /* SignInViewController.swift */; };
		B5CD3E0F1DBBC06C00CF289E /* AppDelegate.swift in Sources */ = {isa = PBXBuildFile; fileRef = B5CD3E0E1DBBC06C00CF289E /* AppDelegate.swift */; };
		B5CD3E111DBBC06C00CF289E /* AnimalTableViewController.swift in Sources */ = {isa = PBXBuildFile; fileRef = B5CD3E101DBBC06C00CF289E /* AnimalTableViewController.swift */; };
		B5CD3E141DBBC06C00CF289E /* Main.storyboard in Resources */ = {isa = PBXBuildFile; fileRef = B5CD3E121DBBC06C00CF289E /* Main.storyboard */; };
		B5CD3E171DBBC06D00CF289E /* PetFinderAPI.xcdatamodeld in Sources */ = {isa = PBXBuildFile; fileRef = B5CD3E151DBBC06D00CF289E /* PetFinderAPI.xcdatamodeld */; };
		B5CD3E191DBBC06D00CF289E /* Assets.xcassets in Resources */ = {isa = PBXBuildFile; fileRef = B5CD3E181DBBC06D00CF289E /* Assets.xcassets */; };
		B5CD3E1C1DBBC06D00CF289E /* LaunchScreen.storyboard in Resources */ = {isa = PBXBuildFile; fileRef = B5CD3E1A1DBBC06D00CF289E /* LaunchScreen.storyboard */; };
		B5CD3E241DBBC0A000CF289E /* PetFinderAPIClient.swift in Sources */ = {isa = PBXBuildFile; fileRef = B5CD3E231DBBC0A000CF289E /* PetFinderAPIClient.swift */; };
		B5CD3E261DBBC2D300CF289E /* CreatePet.swift in Sources */ = {isa = PBXBuildFile; fileRef = B5CD3E251DBBC2D300CF289E /* CreatePet.swift */; };
		B5CD3E281DBBD5F900CF289E /* DetailTableViewCell.swift in Sources */ = {isa = PBXBuildFile; fileRef = B5CD3E271DBBD5F900CF289E /* DetailTableViewCell.swift */; };
		B5CD3E2A1DBC002500CF289E /* AnimalImagesCollectionViewController.swift in Sources */ = {isa = PBXBuildFile; fileRef = B5CD3E291DBC002500CF289E /* AnimalImagesCollectionViewController.swift */; };
		B5CD3E2C1DBC54CF00CF289E /* AnimalImageCollectionViewCell.swift in Sources */ = {isa = PBXBuildFile; fileRef = B5CD3E2B1DBC54CF00CF289E /* AnimalImageCollectionViewCell.swift */; };
		B5CD3E301DBC6F0600CF289E /* DetailedViewController.swift in Sources */ = {isa = PBXBuildFile; fileRef = B5CD3E2F1DBC6F0600CF289E /* DetailedViewController.swift */; };
		B5CD3E321DBCF78200CF289E /* SelectedTableViewController.swift in Sources */ = {isa = PBXBuildFile; fileRef = B5CD3E311DBCF78200CF289E /* SelectedTableViewController.swift */; };
/* End PBXBuildFile section */

/* Begin PBXFileReference section */
		23D11A6EC07EBE61965E8952 /* Pods-PetFinderAPI.release.xcconfig */ = {isa = PBXFileReference; includeInIndex = 1; lastKnownFileType = text.xcconfig; name = "Pods-PetFinderAPI.release.xcconfig"; path = "Pods/Target Support Files/Pods-PetFinderAPI/Pods-PetFinderAPI.release.xcconfig"; sourceTree = "<group>"; };
		839B05B5C502F0D072369411 /* Pods_PetFinderAPI.framework */ = {isa = PBXFileReference; explicitFileType = wrapper.framework; includeInIndex = 0; path = Pods_PetFinderAPI.framework; sourceTree = BUILT_PRODUCTS_DIR; };
		B50A93B21DC2DE6600F3C572 /* AnimalDataStore.swift */ = {isa = PBXFileReference; fileEncoding = 4; lastKnownFileType = sourcecode.swift; path = AnimalDataStore.swift; sourceTree = "<group>"; };
		B5B37B311DCE38B400AC90A4 /* PetFinderAPI.entitlements */ = {isa = PBXFileReference; lastKnownFileType = text.plist.entitlements; path = PetFinderAPI.entitlements; sourceTree = "<group>"; };
		B5B37B361DCFB25300AC90A4 /* GoogleService-Info.plist */ = {isa = PBXFileReference; fileEncoding = 4; lastKnownFileType = text.plist.xml; path = "GoogleService-Info.plist"; sourceTree = "<group>"; };
		B5C0A32B1DC39043001FC5A7 /* SignInViewController.swift */ = {isa = PBXFileReference; fileEncoding = 4; lastKnownFileType = sourcecode.swift; path = SignInViewController.swift; sourceTree = "<group>"; };
		B5CD3E0B1DBBC06C00CF289E /* PetFinderAPI.app */ = {isa = PBXFileReference; explicitFileType = wrapper.application; includeInIndex = 0; path = PetFinderAPI.app; sourceTree = BUILT_PRODUCTS_DIR; };
		B5CD3E0E1DBBC06C00CF289E /* AppDelegate.swift */ = {isa = PBXFileReference; lastKnownFileType = sourcecode.swift; path = AppDelegate.swift; sourceTree = "<group>"; };
		B5CD3E101DBBC06C00CF289E /* AnimalTableViewController.swift */ = {isa = PBXFileReference; lastKnownFileType = sourcecode.swift; path = AnimalTableViewController.swift; sourceTree = "<group>"; };
		B5CD3E131DBBC06C00CF289E /* Base */ = {isa = PBXFileReference; lastKnownFileType = file.storyboard; name = Base; path = Base.lproj/Main.storyboard; sourceTree = "<group>"; };
		B5CD3E161DBBC06D00CF289E /* PetFinderAPI.xcdatamodel */ = {isa = PBXFileReference; lastKnownFileType = wrapper.xcdatamodel; path = PetFinderAPI.xcdatamodel; sourceTree = "<group>"; };
		B5CD3E181DBBC06D00CF289E /* Assets.xcassets */ = {isa = PBXFileReference; lastKnownFileType = folder.assetcatalog; path = Assets.xcassets; sourceTree = "<group>"; };
		B5CD3E1B1DBBC06D00CF289E /* Base */ = {isa = PBXFileReference; lastKnownFileType = file.storyboard; name = Base; path = Base.lproj/LaunchScreen.storyboard; sourceTree = "<group>"; };
		B5CD3E1D1DBBC06D00CF289E /* Info.plist */ = {isa = PBXFileReference; lastKnownFileType = text.plist.xml; path = Info.plist; sourceTree = "<group>"; };
		B5CD3E231DBBC0A000CF289E /* PetFinderAPIClient.swift */ = {isa = PBXFileReference; fileEncoding = 4; lastKnownFileType = sourcecode.swift; path = PetFinderAPIClient.swift; sourceTree = "<group>"; };
		B5CD3E251DBBC2D300CF289E /* CreatePet.swift */ = {isa = PBXFileReference; fileEncoding = 4; lastKnownFileType = sourcecode.swift; path = CreatePet.swift; sourceTree = "<group>"; };
		B5CD3E271DBBD5F900CF289E /* DetailTableViewCell.swift */ = {isa = PBXFileReference; fileEncoding = 4; lastKnownFileType = sourcecode.swift; path = DetailTableViewCell.swift; sourceTree = "<group>"; };
		B5CD3E291DBC002500CF289E /* AnimalImagesCollectionViewController.swift */ = {isa = PBXFileReference; fileEncoding = 4; lastKnownFileType = sourcecode.swift; path = AnimalImagesCollectionViewController.swift; sourceTree = "<group>"; };
		B5CD3E2B1DBC54CF00CF289E /* AnimalImageCollectionViewCell.swift */ = {isa = PBXFileReference; fileEncoding = 4; lastKnownFileType = sourcecode.swift; path = AnimalImageCollectionViewCell.swift; sourceTree = "<group>"; };
		B5CD3E2F1DBC6F0600CF289E /* DetailedViewController.swift */ = {isa = PBXFileReference; fileEncoding = 4; lastKnownFileType = sourcecode.swift; path = DetailedViewController.swift; sourceTree = "<group>"; };
		B5CD3E311DBCF78200CF289E /* SelectedTableViewController.swift */ = {isa = PBXFileReference; fileEncoding = 4; lastKnownFileType = sourcecode.swift; path = SelectedTableViewController.swift; sourceTree = "<group>"; };
		F32CC7DC6E0B2BB35F46CE28 /* Pods-PetFinderAPI.debug.xcconfig */ = {isa = PBXFileReference; includeInIndex = 1; lastKnownFileType = text.xcconfig; name = "Pods-PetFinderAPI.debug.xcconfig"; path = "Pods/Target Support Files/Pods-PetFinderAPI/Pods-PetFinderAPI.debug.xcconfig"; sourceTree = "<group>"; };
/* End PBXFileReference section */

/* Begin PBXFrameworksBuildPhase section */
		B5CD3E081DBBC06C00CF289E /* Frameworks */ = {
			isa = PBXFrameworksBuildPhase;
			buildActionMask = 2147483647;
			files = (
				08F1D626A30CC449111BA169 /* Pods_PetFinderAPI.framework in Frameworks */,
			);
			runOnlyForDeploymentPostprocessing = 0;
		};
/* End PBXFrameworksBuildPhase section */

/* Begin PBXGroup section */
		A36D671532D3A7624974D065 /* Frameworks */ = {
			isa = PBXGroup;
			children = (
				839B05B5C502F0D072369411 /* Pods_PetFinderAPI.framework */,
			);
			name = Frameworks;
			sourceTree = "<group>";
		};
		AA8307659CB0D226B292D644 /* Pods */ = {
			isa = PBXGroup;
			children = (
				F32CC7DC6E0B2BB35F46CE28 /* Pods-PetFinderAPI.debug.xcconfig */,
				23D11A6EC07EBE61965E8952 /* Pods-PetFinderAPI.release.xcconfig */,
			);
			name = Pods;
			sourceTree = "<group>";
		};
		B50A93AE1DC2D8B300F3C572 /* CollectionView */ = {
			isa = PBXGroup;
			children = (
				B5CD3E291DBC002500CF289E /* AnimalImagesCollectionViewController.swift */,
				B5CD3E2B1DBC54CF00CF289E /* AnimalImageCollectionViewCell.swift */,
			);
			name = CollectionView;
			sourceTree = "<group>";
		};
		B50A93AF1DC2D8D300F3C572 /* DetailedVC */ = {
			isa = PBXGroup;
			children = (
				B5CD3E2F1DBC6F0600CF289E /* DetailedViewController.swift */,
				B5CD3E271DBBD5F900CF289E /* DetailTableViewCell.swift */,
			);
			name = DetailedVC;
			sourceTree = "<group>";
		};
		B50A93B01DC2D90100F3C572 /* DataStore */ = {
			isa = PBXGroup;
			children = (
				B5CD3E231DBBC0A000CF289E /* PetFinderAPIClient.swift */,
				B5CD3E251DBBC2D300CF289E /* CreatePet.swift */,
				B50A93B21DC2DE6600F3C572 /* AnimalDataStore.swift */,
			);
			name = DataStore;
			sourceTree = "<group>";
		};
		B50A93B11DC2D92E00F3C572 /* Favorites */ = {
			isa = PBXGroup;
			children = (
				B5CD3E311DBCF78200CF289E /* SelectedTableViewController.swift */,
			);
			name = Favorites;
			sourceTree = "<group>";
		};
		B5C0A32D1DC39049001FC5A7 /* LogInVC */ = {
			isa = PBXGroup;
			children = (
				B5C0A32B1DC39043001FC5A7 /* SignInViewController.swift */,
			);
			name = LogInVC;
			sourceTree = "<group>";
		};
		B5CD3E021DBBC06C00CF289E = {
			isa = PBXGroup;
			children = (
				B5CD3E0D1DBBC06C00CF289E /* PetFinderAPI */,
				B5CD3E0C1DBBC06C00CF289E /* Products */,
				AA8307659CB0D226B292D644 /* Pods */,
				A36D671532D3A7624974D065 /* Frameworks */,
			);
			sourceTree = "<group>";
		};
		B5CD3E0C1DBBC06C00CF289E /* Products */ = {
			isa = PBXGroup;
			children = (
				B5CD3E0B1DBBC06C00CF289E /* PetFinderAPI.app */,
			);
			name = Products;
			sourceTree = "<group>";
		};
		B5CD3E0D1DBBC06C00CF289E /* PetFinderAPI */ = {
			isa = PBXGroup;
			children = (
				B5B37B311DCE38B400AC90A4 /* PetFinderAPI.entitlements */,
				B5CD3E0E1DBBC06C00CF289E /* AppDelegate.swift */,
				B50A93B01DC2D90100F3C572 /* DataStore */,
				B50A93AE1DC2D8B300F3C572 /* CollectionView */,
				B50A93AF1DC2D8D300F3C572 /* DetailedVC */,
				B50A93B11DC2D92E00F3C572 /* Favorites */,
				B5C0A32D1DC39049001FC5A7 /* LogInVC */,
				B5CD3E121DBBC06C00CF289E /* Main.storyboard */,
				B5CD3E101DBBC06C00CF289E /* AnimalTableViewController.swift */,
				B5CD3E181DBBC06D00CF289E /* Assets.xcassets */,
				B5CD3E1A1DBBC06D00CF289E /* LaunchScreen.storyboard */,
				B5CD3E1D1DBBC06D00CF289E /* Info.plist */,
				B5CD3E151DBBC06D00CF289E /* PetFinderAPI.xcdatamodeld */,
				B5B37B361DCFB25300AC90A4 /* GoogleService-Info.plist */,
			);
			path = PetFinderAPI;
			sourceTree = "<group>";
		};
/* End PBXGroup section */

/* Begin PBXNativeTarget section */
		B5CD3E0A1DBBC06C00CF289E /* PetFinderAPI */ = {
			isa = PBXNativeTarget;
			buildConfigurationList = B5CD3E201DBBC06D00CF289E /* Build configuration list for PBXNativeTarget "PetFinderAPI" */;
			buildPhases = (
				F7FA298FBA461C9E7BC14C42 /* [CP] Check Pods Manifest.lock */,
				B5CD3E071DBBC06C00CF289E /* Sources */,
				B5CD3E081DBBC06C00CF289E /* Frameworks */,
				B5CD3E091DBBC06C00CF289E /* Resources */,
				7E45A1663795115785B90DBE /* [CP] Embed Pods Frameworks */,
				1F4BDE60943E127E0A86B224 /* [CP] Copy Pods Resources */,
			);
			buildRules = (
			);
			dependencies = (
			);
			name = PetFinderAPI;
			productName = PetFinderAPI;
			productReference = B5CD3E0B1DBBC06C00CF289E /* PetFinderAPI.app */;
			productType = "com.apple.product-type.application";
		};
/* End PBXNativeTarget section */

/* Begin PBXProject section */
		B5CD3E031DBBC06C00CF289E /* Project object */ = {
			isa = PBXProject;
			attributes = {
				LastSwiftUpdateCheck = 0800;
				LastUpgradeCheck = 0800;
				ORGANIZATIONNAME = FJ;
				TargetAttributes = {
					B5CD3E0A1DBBC06C00CF289E = {
						CreatedOnToolsVersion = 8.0;
						DevelopmentTeam = 2UY7XP5ASH;
						ProvisioningStyle = Automatic;
						SystemCapabilities = {
							com.apple.Keychain = {
								enabled = 1;
							};
						};
					};
				};
			};
			buildConfigurationList = B5CD3E061DBBC06C00CF289E /* Build configuration list for PBXProject "PetFinderAPI" */;
			compatibilityVersion = "Xcode 3.2";
			developmentRegion = English;
			hasScannedForEncodings = 0;
			knownRegions = (
				en,
				Base,
			);
			mainGroup = B5CD3E021DBBC06C00CF289E;
			productRefGroup = B5CD3E0C1DBBC06C00CF289E /* Products */;
			projectDirPath = "";
			projectRoot = "";
			targets = (
				B5CD3E0A1DBBC06C00CF289E /* PetFinderAPI */,
			);
		};
/* End PBXProject section */

/* Begin PBXResourcesBuildPhase section */
		B5CD3E091DBBC06C00CF289E /* Resources */ = {
			isa = PBXResourcesBuildPhase;
			buildActionMask = 2147483647;
			files = (
				B5CD3E1C1DBBC06D00CF289E /* LaunchScreen.storyboard in Resources */,
				B5B37B371DCFB25300AC90A4 /* GoogleService-Info.plist in Resources */,
				B5CD3E191DBBC06D00CF289E /* Assets.xcassets in Resources */,
				B5CD3E141DBBC06C00CF289E /* Main.storyboard in Resources */,
			);
			runOnlyForDeploymentPostprocessing = 0;
		};
/* End PBXResourcesBuildPhase section */

/* Begin PBXShellScriptBuildPhase section */
		1F4BDE60943E127E0A86B224 /* [CP] Copy Pods Resources */ = {
			isa = PBXShellScriptBuildPhase;
			buildActionMask = 2147483647;
			files = (
			);
			inputPaths = (
			);
			name = "[CP] Copy Pods Resources";
			outputPaths = (
			);
			runOnlyForDeploymentPostprocessing = 0;
			shellPath = /bin/sh;
			shellScript = "\"${SRCROOT}/Pods/Target Support Files/Pods-PetFinderAPI/Pods-PetFinderAPI-resources.sh\"\n";
			showEnvVarsInLog = 0;
		};
		7E45A1663795115785B90DBE /* [CP] Embed Pods Frameworks */ = {
			isa = PBXShellScriptBuildPhase;
			buildActionMask = 2147483647;
			files = (
			);
			inputPaths = (
			);
			name = "[CP] Embed Pods Frameworks";
			outputPaths = (
			);
			runOnlyForDeploymentPostprocessing = 0;
			shellPath = /bin/sh;
			shellScript = "\"${SRCROOT}/Pods/Target Support Files/Pods-PetFinderAPI/Pods-PetFinderAPI-frameworks.sh\"\n";
			showEnvVarsInLog = 0;
		};
		F7FA298FBA461C9E7BC14C42 /* [CP] Check Pods Manifest.lock */ = {
			isa = PBXShellScriptBuildPhase;
			buildActionMask = 2147483647;
			files = (
			);
			inputPaths = (
			);
			name = "[CP] Check Pods Manifest.lock";
			outputPaths = (
			);
			runOnlyForDeploymentPostprocessing = 0;
			shellPath = /bin/sh;
			shellScript = "diff \"${PODS_ROOT}/../Podfile.lock\" \"${PODS_ROOT}/Manifest.lock\" > /dev/null\nif [[ $? != 0 ]] ; then\n    cat << EOM\nerror: The sandbox is not in sync with the Podfile.lock. Run 'pod install' or update your CocoaPods installation.\nEOM\n    exit 1\nfi\n";
			showEnvVarsInLog = 0;
		};
/* End PBXShellScriptBuildPhase section */

/* Begin PBXSourcesBuildPhase section */
		B5CD3E071DBBC06C00CF289E /* Sources */ = {
			isa = PBXSourcesBuildPhase;
			buildActionMask = 2147483647;
			files = (
				B5CD3E281DBBD5F900CF289E /* DetailTableViewCell.swift in Sources */,
				B5CD3E261DBBC2D300CF289E /* CreatePet.swift in Sources */,
				B5CD3E2C1DBC54CF00CF289E /* AnimalImageCollectionViewCell.swift in Sources */,
				B5CD3E171DBBC06D00CF289E /* PetFinderAPI.xcdatamodeld in Sources */,
				B5CD3E321DBCF78200CF289E /* SelectedTableViewController.swift in Sources */,
				B5CD3E2A1DBC002500CF289E /* AnimalImagesCollectionViewController.swift in Sources */,
				B5CD3E301DBC6F0600CF289E /* DetailedViewController.swift in Sources */,
				B5CD3E241DBBC0A000CF289E /* PetFinderAPIClient.swift in Sources */,
				B5C0A32C1DC39043001FC5A7 /* SignInViewController.swift in Sources */,
				B5CD3E111DBBC06C00CF289E /* AnimalTableViewController.swift in Sources */,
				B5CD3E0F1DBBC06C00CF289E /* AppDelegate.swift in Sources */,
				B50A93B31DC2DE6600F3C572 /* AnimalDataStore.swift in Sources */,
			);
			runOnlyForDeploymentPostprocessing = 0;
		};
/* End PBXSourcesBuildPhase section */

/* Begin PBXVariantGroup section */
		B5CD3E121DBBC06C00CF289E /* Main.storyboard */ = {
			isa = PBXVariantGroup;
			children = (
				B5CD3E131DBBC06C00CF289E /* Base */,
			);
			name = Main.storyboard;
			sourceTree = "<group>";
		};
		B5CD3E1A1DBBC06D00CF289E /* LaunchScreen.storyboard */ = {
			isa = PBXVariantGroup;
			children = (
				B5CD3E1B1DBBC06D00CF289E /* Base */,
			);
			name = LaunchScreen.storyboard;
			sourceTree = "<group>";
		};
/* End PBXVariantGroup section */

/* Begin XCBuildConfiguration section */
		B5CD3E1E1DBBC06D00CF289E /* Debug */ = {
			isa = XCBuildConfiguration;
			buildSettings = {
				ALWAYS_SEARCH_USER_PATHS = NO;
				CLANG_ANALYZER_NONNULL = YES;
				CLANG_CXX_LANGUAGE_STANDARD = "gnu++0x";
				CLANG_CXX_LIBRARY = "libc++";
				CLANG_ENABLE_MODULES = YES;
				CLANG_ENABLE_OBJC_ARC = YES;
				CLANG_WARN_BOOL_CONVERSION = YES;
				CLANG_WARN_CONSTANT_CONVERSION = YES;
				CLANG_WARN_DIRECT_OBJC_ISA_USAGE = YES_ERROR;
				CLANG_WARN_DOCUMENTATION_COMMENTS = YES;
				CLANG_WARN_EMPTY_BODY = YES;
				CLANG_WARN_ENUM_CONVERSION = YES;
				CLANG_WARN_INFINITE_RECURSION = YES;
				CLANG_WARN_INT_CONVERSION = YES;
				CLANG_WARN_OBJC_ROOT_CLASS = YES_ERROR;
				CLANG_WARN_SUSPICIOUS_MOVES = YES;
				CLANG_WARN_UNREACHABLE_CODE = YES;
				CLANG_WARN__DUPLICATE_METHOD_MATCH = YES;
				"CODE_SIGN_IDENTITY[sdk=iphoneos*]" = "iPhone Developer";
				COPY_PHASE_STRIP = NO;
				DEBUG_INFORMATION_FORMAT = dwarf;
				ENABLE_STRICT_OBJC_MSGSEND = YES;
				ENABLE_TESTABILITY = YES;
				GCC_C_LANGUAGE_STANDARD = gnu99;
				GCC_DYNAMIC_NO_PIC = NO;
				GCC_NO_COMMON_BLOCKS = YES;
				GCC_OPTIMIZATION_LEVEL = 0;
				GCC_PREPROCESSOR_DEFINITIONS = (
					"DEBUG=1",
					"$(inherited)",
				);
				GCC_WARN_64_TO_32_BIT_CONVERSION = YES;
				GCC_WARN_ABOUT_RETURN_TYPE = YES_ERROR;
				GCC_WARN_UNDECLARED_SELECTOR = YES;
				GCC_WARN_UNINITIALIZED_AUTOS = YES_AGGRESSIVE;
				GCC_WARN_UNUSED_FUNCTION = YES;
				GCC_WARN_UNUSED_VARIABLE = YES;
				IPHONEOS_DEPLOYMENT_TARGET = 10.0;
				MTL_ENABLE_DEBUG_INFO = YES;
				ONLY_ACTIVE_ARCH = YES;
				SDKROOT = iphoneos;
				SWIFT_ACTIVE_COMPILATION_CONDITIONS = DEBUG;
				SWIFT_OPTIMIZATION_LEVEL = "-Onone";
			};
			name = Debug;
		};
		B5CD3E1F1DBBC06D00CF289E /* Release */ = {
			isa = XCBuildConfiguration;
			buildSettings = {
				ALWAYS_SEARCH_USER_PATHS = NO;
				CLANG_ANALYZER_NONNULL = YES;
				CLANG_CXX_LANGUAGE_STANDARD = "gnu++0x";
				CLANG_CXX_LIBRARY = "libc++";
				CLANG_ENABLE_MODULES = YES;
				CLANG_ENABLE_OBJC_ARC = YES;
				CLANG_WARN_BOOL_CONVERSION = YES;
				CLANG_WARN_CONSTANT_CONVERSION = YES;
				CLANG_WARN_DIRECT_OBJC_ISA_USAGE = YES_ERROR;
				CLANG_WARN_DOCUMENTATION_COMMENTS = YES;
				CLANG_WARN_EMPTY_BODY = YES;
				CLANG_WARN_ENUM_CONVERSION = YES;
				CLANG_WARN_INFINITE_RECURSION = YES;
				CLANG_WARN_INT_CONVERSION = YES;
				CLANG_WARN_OBJC_ROOT_CLASS = YES_ERROR;
				CLANG_WARN_SUSPICIOUS_MOVES = YES;
				CLANG_WARN_UNREACHABLE_CODE = YES;
				CLANG_WARN__DUPLICATE_METHOD_MATCH = YES;
				"CODE_SIGN_IDENTITY[sdk=iphoneos*]" = "iPhone Developer";
				COPY_PHASE_STRIP = NO;
				DEBUG_INFORMATION_FORMAT = "dwarf-with-dsym";
				ENABLE_NS_ASSERTIONS = NO;
				ENABLE_STRICT_OBJC_MSGSEND = YES;
				GCC_C_LANGUAGE_STANDARD = gnu99;
				GCC_NO_COMMON_BLOCKS = YES;
				GCC_WARN_64_TO_32_BIT_CONVERSION = YES;
				GCC_WARN_ABOUT_RETURN_TYPE = YES_ERROR;
				GCC_WARN_UNDECLARED_SELECTOR = YES;
				GCC_WARN_UNINITIALIZED_AUTOS = YES_AGGRESSIVE;
				GCC_WARN_UNUSED_FUNCTION = YES;
				GCC_WARN_UNUSED_VARIABLE = YES;
				IPHONEOS_DEPLOYMENT_TARGET = 10.0;
				MTL_ENABLE_DEBUG_INFO = NO;
				SDKROOT = iphoneos;
				SWIFT_OPTIMIZATION_LEVEL = "-Owholemodule";
				VALIDATE_PRODUCT = YES;
			};
			name = Release;
		};
		B5CD3E211DBBC06D00CF289E /* Debug */ = {
			isa = XCBuildConfiguration;
			baseConfigurationReference = F32CC7DC6E0B2BB35F46CE28 /* Pods-PetFinderAPI.debug.xcconfig */;
			buildSettings = {
				ASSETCATALOG_COMPILER_APPICON_NAME = AppIcon;
				CODE_SIGN_ENTITLEMENTS = PetFinderAPI/PetFinderAPI.entitlements;
				DEVELOPMENT_TEAM = 2UY7XP5ASH;
				INFOPLIST_FILE = PetFinderAPI/Info.plist;
				LD_RUNPATH_SEARCH_PATHS = "$(inherited) @executable_path/Frameworks";
				PRODUCT_BUNDLE_IDENTIFIER = com.FJ.PetFinderAPI2;
				PRODUCT_NAME = "$(TARGET_NAME)";
				SWIFT_VERSION = 3.0;
			};
			name = Debug;
		};
		B5CD3E221DBBC06D00CF289E /* Release */ = {
			isa = XCBuildConfiguration;
			baseConfigurationReference = 23D11A6EC07EBE61965E8952 /* Pods-PetFinderAPI.release.xcconfig */;
			buildSettings = {
				ASSETCATALOG_COMPILER_APPICON_NAME = AppIcon;
				CODE_SIGN_ENTITLEMENTS = PetFinderAPI/PetFinderAPI.entitlements;
				DEVELOPMENT_TEAM = 2UY7XP5ASH;
				INFOPLIST_FILE = PetFinderAPI/Info.plist;
				LD_RUNPATH_SEARCH_PATHS = "$(inherited) @executable_path/Frameworks";
				PRODUCT_BUNDLE_IDENTIFIER = com.FJ.PetFinderAPI2;
				PRODUCT_NAME = "$(TARGET_NAME)";
				SWIFT_VERSION = 3.0;
			};
			name = Release;
		};
/* End XCBuildConfiguration section */

/* Begin XCConfigurationList section */
		B5CD3E061DBBC06C00CF289E /* Build configuration list for PBXProject "PetFinderAPI" */ = {
			isa = XCConfigurationList;
			buildConfigurations = (
				B5CD3E1E1DBBC06D00CF289E /* Debug */,
				B5CD3E1F1DBBC06D00CF289E /* Release */,
			);
			defaultConfigurationIsVisible = 0;
			defaultConfigurationName = Release;
		};
		B5CD3E201DBBC06D00CF289E /* Build configuration list for PBXNativeTarget "PetFinderAPI" */ = {
			isa = XCConfigurationList;
			buildConfigurations = (
				B5CD3E211DBBC06D00CF289E /* Debug */,
				B5CD3E221DBBC06D00CF289E /* Release */,
			);
			defaultConfigurationIsVisible = 0;
			defaultConfigurationName = Release;
		};
/* End XCConfigurationList section */

/* Begin XCVersionGroup section */
		B5CD3E151DBBC06D00CF289E /* PetFinderAPI.xcdatamodeld */ = {
			isa = XCVersionGroup;
			children = (
				B5CD3E161DBBC06D00CF289E /* PetFinderAPI.xcdatamodel */,
			);
			currentVersion = B5CD3E161DBBC06D00CF289E /* PetFinderAPI.xcdatamodel */;
			path = PetFinderAPI.xcdatamodeld;
			sourceTree = "<group>";
			versionGroupType = wrapper.xcdatamodel;
		};
/* End XCVersionGroup section */
	};
	rootObject = B5CD3E031DBBC06C00CF289E /* Project object */;
}
